
Microsoft Visual Studio Solution File, Format Version 12.00
Project("{FAE04EC0-301F-11D3-BF4B-00C04F79EFBC}") = "SynthesisRPGLoot", "SynthesisRPGLoot\SynthesisRPGLoot.csproj", "{E3C85A2B-4E6D-4B5D-9E8D-810116F644AB}"
EndProject
Global
	GlobalSection(SolutionConfigurationPlatforms) = preSolution
		Debug|Any CPU = Debug|Any CPU
		Release|Any CPU = Release|Any CPU
	EndGlobalSection
	GlobalSection(ProjectConfigurationPlatforms) = postSolution
		{E3C85A2B-4E6D-4B5D-9E8D-810116F644AB}.Debug|Any CPU.ActiveCfg = Debug|Any CPU
		{E3C85A2B-4E6D-4B5D-9E8D-810116F644AB}.Debug|Any CPU.Build.0 = Debug|Any CPU
		{E3C85A2B-4E6D-4B5D-9E8D-810116F644AB}.Release|Any CPU.ActiveCfg = Release|Any CPU
		{E3C85A2B-4E6D-4B5D-9E8D-810116F644AB}.Release|Any CPU.Build.0 = Release|Any CPU
	EndGlobalSection
EndGlobal
